{
  "name": "better-local-file-browsing",
  "lockfileVersion": 3,
  "requires": true,
  "packages": {
    "": {
      "dependencies": {
        "freezeframe": "^5.0.0"
      }
    },
    "node_modules/freezeframe": {
      "version": "5.0.0",
      "resolved": "https://registry.npmjs.org/freezeframe/-/freezeframe-5.0.0.tgz",
      "integrity": "sha512-nA8u3YSBKhp+jRk9hJpSKUbh9+YBlBj6qRW7o9rPHc1JYzuftwZm634IfkEq58Xji1Vii4NVeFMdrlhOZWhUsg=="
    }
  }
}
